
Microsoft Visual Studio Solution File, Format Version 12.00
# Visual Studio Version 17
VisualStudioVersion = 17.7.34031.279
MinimumVisualStudioVersion = 10.0.40219.1
Project("{9A19103F-16F7-4668-BE54-9A1E7A4F7556}") = "WeatherForecast.API", "WeatherForecast.API\WeatherForecast.API.csproj", "{04DE8E2F-C193-46A1-9BDC-365ED7488479}"
EndProject
Project("{9A19103F-16F7-4668-BE54-9A1E7A4F7556}") = "WeatherForecast.Domain", "WeatherForecast.Models\WeatherForecast.Domain.csproj", "{0E3AC0CC-EEAB-463E-B609-7AAA08699F80}"
EndProject
Project("{9A19103F-16F7-4668-BE54-9A1E7A4F7556}") = "WeatherForecast.Dal", "WeatherForecast.Dal\WeatherForecast.Dal.csproj", "{2D8936A7-4FB9-4384-BFE1-8280CCA92571}"
EndProject
Project("{9A19103F-16F7-4668-BE54-9A1E7A4F7556}") = "WeatherForecast.UtilitiesService", "WeatherForecast.UtilitiesService\WeatherForecast.UtilitiesService.csproj", "{C46327C4-DE76-4717-91FC-FF8B1D2224E8}"
EndProject
Project("{9A19103F-16F7-4668-BE54-9A1E7A4F7556}") = "WeatherForecast.UnitTest", "WeatherForecast.UnitTest\WeatherForecast.UnitTest.csproj", "{1ACED3C5-80D1-4C29-85DC-8EF9C03505B0}"
EndProject
Project("{E53339B2-1760-4266-BCC7-CA923CBCF16C}") = "docker-compose", "docker-compose.dcproj", "{975CE36D-4831-4AA3-AF66-263AC148F287}"
EndProject
Global
	GlobalSection(SolutionConfigurationPlatforms) = preSolution
		Debug|Any CPU = Debug|Any CPU
		Release|Any CPU = Release|Any CPU
	EndGlobalSection
	GlobalSection(ProjectConfigurationPlatforms) = postSolution
		{04DE8E2F-C193-46A1-9BDC-365ED7488479}.Debug|Any CPU.ActiveCfg = Debug|Any CPU
		{04DE8E2F-C193-46A1-9BDC-365ED7488479}.Debug|Any CPU.Build.0 = Debug|Any CPU
		{04DE8E2F-C193-46A1-9BDC-365ED7488479}.Release|Any CPU.ActiveCfg = Release|Any CPU
		{04DE8E2F-C193-46A1-9BDC-365ED7488479}.Release|Any CPU.Build.0 = Release|Any CPU
		{0E3AC0CC-EEAB-463E-B609-7AAA08699F80}.Debug|Any CPU.ActiveCfg = Debug|Any CPU
		{0E3AC0CC-EEAB-463E-B609-7AAA08699F80}.Debug|Any CPU.Build.0 = Debug|Any CPU
		{0E3AC0CC-EEAB-463E-B609-7AAA08699F80}.Release|Any CPU.ActiveCfg = Release|Any CPU
		{0E3AC0CC-EEAB-463E-B609-7AAA08699F80}.Release|Any CPU.Build.0 = Release|Any CPU
		{2D8936A7-4FB9-4384-BFE1-8280CCA92571}.Debug|Any CPU.ActiveCfg = Debug|Any CPU
		{2D8936A7-4FB9-4384-BFE1-8280CCA92571}.Debug|Any CPU.Build.0 = Debug|Any CPU
		{2D8936A7-4FB9-4384-BFE1-8280CCA92571}.Release|Any CPU.ActiveCfg = Release|Any CPU
		{2D8936A7-4FB9-4384-BFE1-8280CCA92571}.Release|Any CPU.Build.0 = Release|Any CPU
		{C46327C4-DE76-4717-91FC-FF8B1D2224E8}.Debug|Any CPU.ActiveCfg = Debug|Any CPU
		{C46327C4-DE76-4717-91FC-FF8B1D2224E8}.Debug|Any CPU.Build.0 = Debug|Any CPU
		{C46327C4-DE76-4717-91FC-FF8B1D2224E8}.Release|Any CPU.ActiveCfg = Release|Any CPU
		{C46327C4-DE76-4717-91FC-FF8B1D2224E8}.Release|Any CPU.Build.0 = Release|Any CPU
		{1ACED3C5-80D1-4C29-85DC-8EF9C03505B0}.Debug|Any CPU.ActiveCfg = Debug|Any CPU
		{1ACED3C5-80D1-4C29-85DC-8EF9C03505B0}.Debug|Any CPU.Build.0 = Debug|Any CPU
		{1ACED3C5-80D1-4C29-85DC-8EF9C03505B0}.Release|Any CPU.ActiveCfg = Release|Any CPU
		{1ACED3C5-80D1-4C29-85DC-8EF9C03505B0}.Release|Any CPU.Build.0 = Release|Any CPU
		{975CE36D-4831-4AA3-AF66-263AC148F287}.Debug|Any CPU.ActiveCfg = Debug|Any CPU
		{975CE36D-4831-4AA3-AF66-263AC148F287}.Debug|Any CPU.Build.0 = Debug|Any CPU
		{975CE36D-4831-4AA3-AF66-263AC148F287}.Release|Any CPU.ActiveCfg = Release|Any CPU
		{975CE36D-4831-4AA3-AF66-263AC148F287}.Release|Any CPU.Build.0 = Release|Any CPU
	EndGlobalSection
	GlobalSection(SolutionProperties) = preSolution
		HideSolutionNode = FALSE
	EndGlobalSection
	GlobalSection(ExtensibilityGlobals) = postSolution
		SolutionGuid = {65F1BF75-3834-4AAA-8859-E5386EFFE6D9}
	EndGlobalSection
EndGlobal
